// !$*UTF8*$!
{
	archiveVersion = 1;
	classes = {
	};
	objectVersion = 50;
	objects = {

/* Begin PBXBuildFile section */
		BB19D9B523304634004DECD6 /* MovieCollectionViewCell.swift in Sources */ = {isa = PBXBuildFile; fileRef = BB19D9B323304634004DECD6 /* MovieCollectionViewCell.swift */; };
		BB19D9B623304634004DECD6 /* MovieCollectionViewCell.xib in Resources */ = {isa = PBXBuildFile; fileRef = BB19D9B423304634004DECD6 /* MovieCollectionViewCell.xib */; };
		BB290BA2233183CD00A5FF61 /* MovieDetailsViewController.swift in Sources */ = {isa = PBXBuildFile; fileRef = BB290BA1233183CD00A5FF61 /* MovieDetailsViewController.swift */; };
		BB290BA42331840B00A5FF61 /* MovieDetailsView.xib in Resources */ = {isa = PBXBuildFile; fileRef = BB290BA32331840B00A5FF61 /* MovieDetailsView.xib */; };
		BB290BA62331841E00A5FF61 /* MovieDetailsView.swift in Sources */ = {isa = PBXBuildFile; fileRef = BB290BA52331841E00A5FF61 /* MovieDetailsView.swift */; };
		BB51F501233975CD0054EB57 /* MovieCatalogCoordinator.strings in Resources */ = {isa = PBXBuildFile; fileRef = BB58BFE0232EBB3600A13142 /* MovieCatalogCoordinator.strings */; };
		BB51F502233975EE0054EB57 /* MovieCatalogViewController.strings in Resources */ = {isa = PBXBuildFile; fileRef = BB51F504233975EE0054EB57 /* MovieCatalogViewController.strings */; };
		BB51F505233975F30054EB57 /* MovieDetailsViewController.strings in Resources */ = {isa = PBXBuildFile; fileRef = BB51F507233975F30054EB57 /* MovieDetailsViewController.strings */; };
		BB6191C223240D81007E4C48 /* MovieCatalog.framework in Frameworks */ = {isa = PBXBuildFile; fileRef = BB6191B823240D81007E4C48 /* MovieCatalog.framework */; };
		BB6191C923240D81007E4C48 /* MovieCatalog.h in Headers */ = {isa = PBXBuildFile; fileRef = BB6191BB23240D81007E4C48 /* MovieCatalog.h */; settings = {ATTRIBUTES = (Public, ); }; };
		BB6191E123240FC1007E4C48 /* Common.framework in Frameworks */ = {isa = PBXBuildFile; fileRef = BB6191E023240FC1007E4C48 /* Common.framework */; };
		BB6191E5232411BB007E4C48 /* MovieCatalogModule.swift in Sources */ = {isa = PBXBuildFile; fileRef = BB6191E4232411BB007E4C48 /* MovieCatalogModule.swift */; };
		BB6191EB232412C1007E4C48 /* MovieCatalogCoordinator.swift in Sources */ = {isa = PBXBuildFile; fileRef = BB6191EA232412C1007E4C48 /* MovieCatalogCoordinator.swift */; };
		BB6191F423242344007E4C48 /* MovieCatalog.storyboard in Resources */ = {isa = PBXBuildFile; fileRef = BB6191F323242344007E4C48 /* MovieCatalog.storyboard */; };
		BB6191F723242389007E4C48 /* MovieCatalogViewController.swift in Sources */ = {isa = PBXBuildFile; fileRef = BB6191F623242389007E4C48 /* MovieCatalogViewController.swift */; };
		BB699743233B040300EBA6B3 /* Flow.framework in Frameworks */ = {isa = PBXBuildFile; fileRef = BB699742233B040300EBA6B3 /* Flow.framework */; };
		BB699745233B040300EBA6B3 /* Ness.framework in Frameworks */ = {isa = PBXBuildFile; fileRef = BB699744233B040300EBA6B3 /* Ness.framework */; };
		BBBC155B233D66CD00467BD4 /* SVProgressHUD.framework in CopyFiles */ = {isa = PBXBuildFile; fileRef = BB51F50C233978E80054EB57 /* SVProgressHUD.framework */; settings = {ATTRIBUTES = (CodeSignOnCopy, RemoveHeadersOnCopy, ); }; };
		BBC609F5232F99A3002F5095 /* OHHTTPStubs.framework in Frameworks */ = {isa = PBXBuildFile; fileRef = BBC609F2232F99A3002F5095 /* OHHTTPStubs.framework */; };
		BBC609F6232F99A3002F5095 /* Quick.framework in Frameworks */ = {isa = PBXBuildFile; fileRef = BBC609F3232F99A3002F5095 /* Quick.framework */; };
		BBC609F7232F99A3002F5095 /* Nimble.framework in Frameworks */ = {isa = PBXBuildFile; fileRef = BBC609F4232F99A3002F5095 /* Nimble.framework */; };
		BBC609F9232F99D4002F5095 /* Nimble.framework in CopyFiles */ = {isa = PBXBuildFile; fileRef = BBC609F4232F99A3002F5095 /* Nimble.framework */; settings = {ATTRIBUTES = (CodeSignOnCopy, RemoveHeadersOnCopy, ); }; };
		BBC609FA232F99D4002F5095 /* OHHTTPStubs.framework in CopyFiles */ = {isa = PBXBuildFile; fileRef = BBC609F2232F99A3002F5095 /* OHHTTPStubs.framework */; settings = {ATTRIBUTES = (CodeSignOnCopy, RemoveHeadersOnCopy, ); }; };
		BBC609FB232F99D4002F5095 /* Quick.framework in CopyFiles */ = {isa = PBXBuildFile; fileRef = BBC609F3232F99A3002F5095 /* Quick.framework */; settings = {ATTRIBUTES = (CodeSignOnCopy, RemoveHeadersOnCopy, ); }; };
		BBC60A01232F9B83002F5095 /* FetchMoviesDelegateTest.swift in Sources */ = {isa = PBXBuildFile; fileRef = BBC60A00232F9B83002F5095 /* FetchMoviesDelegateTest.swift */; };
		BBC60A08232FA3A9002F5095 /* MovieCatalogView.xib in Resources */ = {isa = PBXBuildFile; fileRef = BBC60A07232FA3A9002F5095 /* MovieCatalogView.xib */; };
		BBC60A0A232FA430002F5095 /* MovieCatalogView.swift in Sources */ = {isa = PBXBuildFile; fileRef = BBC60A09232FA430002F5095 /* MovieCatalogView.swift */; };
		BBD508BD233716BE009CA4EE /* MovieCatalogSymbols.swift in Sources */ = {isa = PBXBuildFile; fileRef = BBD508BC233716BE009CA4EE /* MovieCatalogSymbols.swift */; };
		BBD508C4233738AB009CA4EE /* MovieCatalogCollectionViewDelegate.swift in Sources */ = {isa = PBXBuildFile; fileRef = BBD508C3233738AA009CA4EE /* MovieCatalogCollectionViewDelegate.swift */; };
		BBEBC54C2340F6380020CC25 /* MovieCatalogViewController+ApiHandlers.swift in Sources */ = {isa = PBXBuildFile; fileRef = BBEBC54B2340F6380020CC25 /* MovieCatalogViewController+ApiHandlers.swift */; };
/* End PBXBuildFile section */

/* Begin PBXContainerItemProxy section */
		BB6191C323240D81007E4C48 /* PBXContainerItemProxy */ = {
			isa = PBXContainerItemProxy;
			containerPortal = BB6191AF23240D81007E4C48 /* Project object */;
			proxyType = 1;
			remoteGlobalIDString = BB6191B723240D81007E4C48;
			remoteInfo = MovieCatalog;
		};
/* End PBXContainerItemProxy section */

/* Begin PBXCopyFilesBuildPhase section */
		BBC609F8232F99BC002F5095 /* CopyFiles */ = {
			isa = PBXCopyFilesBuildPhase;
			buildActionMask = 2147483647;
			dstPath = "";
			dstSubfolderSpec = 10;
			files = (
				BBBC155B233D66CD00467BD4 /* SVProgressHUD.framework in CopyFiles */,
				BBC609F9232F99D4002F5095 /* Nimble.framework in CopyFiles */,
				BBC609FA232F99D4002F5095 /* OHHTTPStubs.framework in CopyFiles */,
				BBC609FB232F99D4002F5095 /* Quick.framework in CopyFiles */,
			);
			runOnlyForDeploymentPostprocessing = 0;
		};
/* End PBXCopyFilesBuildPhase section */

/* Begin PBXFileReference section */
		BB19D9B323304634004DECD6 /* MovieCollectionViewCell.swift */ = {isa = PBXFileReference; lastKnownFileType = sourcecode.swift; path = MovieCollectionViewCell.swift; sourceTree = "<group>"; };
		BB19D9B423304634004DECD6 /* MovieCollectionViewCell.xib */ = {isa = PBXFileReference; lastKnownFileType = file.xib; path = MovieCollectionViewCell.xib; sourceTree = "<group>"; };
		BB290BA1233183CD00A5FF61 /* MovieDetailsViewController.swift */ = {isa = PBXFileReference; lastKnownFileType = sourcecode.swift; path = MovieDetailsViewController.swift; sourceTree = "<group>"; };
		BB290BA32331840B00A5FF61 /* MovieDetailsView.xib */ = {isa = PBXFileReference; lastKnownFileType = file.xib; path = MovieDetailsView.xib; sourceTree = "<group>"; };
		BB290BA52331841E00A5FF61 /* MovieDetailsView.swift */ = {isa = PBXFileReference; lastKnownFileType = sourcecode.swift; path = MovieDetailsView.swift; sourceTree = "<group>"; };
		BB51F508233975F90054EB57 /* en-US */ = {isa = PBXFileReference; lastKnownFileType = text.plist.strings; name = "en-US"; path = "en-US.lproj/MovieCatalogViewController.strings"; sourceTree = "<group>"; };
		BB51F509233975FA0054EB57 /* pt-BR */ = {isa = PBXFileReference; lastKnownFileType = text.plist.strings; name = "pt-BR"; path = "pt-BR.lproj/MovieCatalogViewController.strings"; sourceTree = "<group>"; };
		BB51F50A233976000054EB57 /* en-US */ = {isa = PBXFileReference; lastKnownFileType = text.plist.strings; name = "en-US"; path = "en-US.lproj/MovieDetailsViewController.strings"; sourceTree = "<group>"; };
		BB51F50B233976010054EB57 /* pt-BR */ = {isa = PBXFileReference; lastKnownFileType = text.plist.strings; name = "pt-BR"; path = "pt-BR.lproj/MovieDetailsViewController.strings"; sourceTree = "<group>"; };
		BB51F50C233978E80054EB57 /* SVProgressHUD.framework */ = {isa = PBXFileReference; lastKnownFileType = wrapper.framework; name = SVProgressHUD.framework; path = ../../Carthage/Build/iOS/SVProgressHUD.framework; sourceTree = "<group>"; };
		BB51F514233979330054EB57 /* SVProgressHUD.framework */ = {isa = PBXFileReference; lastKnownFileType = wrapper.framework; name = SVProgressHUD.framework; path = Carthage/Build/iOS/SVProgressHUD.framework; sourceTree = "<group>"; };
		BB58BFE3232EBB3A00A13142 /* en-US */ = {isa = PBXFileReference; lastKnownFileType = text.plist.strings; name = "en-US"; path = "en-US.lproj/MovieCatalogCoordinator.strings"; sourceTree = "<group>"; };
		BB58BFE4232EBB3B00A13142 /* pt-BR */ = {isa = PBXFileReference; lastKnownFileType = text.plist.strings; name = "pt-BR"; path = "pt-BR.lproj/MovieCatalogCoordinator.strings"; sourceTree = "<group>"; };
		BB6191B823240D81007E4C48 /* MovieCatalog.framework */ = {isa = PBXFileReference; explicitFileType = wrapper.framework; includeInIndex = 0; path = MovieCatalog.framework; sourceTree = BUILT_PRODUCTS_DIR; };
		BB6191BB23240D81007E4C48 /* MovieCatalog.h */ = {isa = PBXFileReference; lastKnownFileType = sourcecode.c.h; path = MovieCatalog.h; sourceTree = "<group>"; };
		BB6191BC23240D81007E4C48 /* Info.plist */ = {isa = PBXFileReference; lastKnownFileType = text.plist.xml; path = Info.plist; sourceTree = "<group>"; };
		BB6191C123240D81007E4C48 /* MovieCatalogTests.xctest */ = {isa = PBXFileReference; explicitFileType = wrapper.cfbundle; includeInIndex = 0; path = MovieCatalogTests.xctest; sourceTree = BUILT_PRODUCTS_DIR; };
		BB6191C823240D81007E4C48 /* Info.plist */ = {isa = PBXFileReference; lastKnownFileType = text.plist.xml; path = Info.plist; sourceTree = "<group>"; };
		BB6191E023240FC1007E4C48 /* Common.framework */ = {isa = PBXFileReference; explicitFileType = wrapper.framework; path = Common.framework; sourceTree = BUILT_PRODUCTS_DIR; };
		BB6191E4232411BB007E4C48 /* MovieCatalogModule.swift */ = {isa = PBXFileReference; lastKnownFileType = sourcecode.swift; path = MovieCatalogModule.swift; sourceTree = "<group>"; };
		BB6191EA232412C1007E4C48 /* MovieCatalogCoordinator.swift */ = {isa = PBXFileReference; lastKnownFileType = sourcecode.swift; path = MovieCatalogCoordinator.swift; sourceTree = "<group>"; };
		BB6191F323242344007E4C48 /* MovieCatalog.storyboard */ = {isa = PBXFileReference; lastKnownFileType = file.storyboard; path = MovieCatalog.storyboard; sourceTree = "<group>"; };
		BB6191F623242389007E4C48 /* MovieCatalogViewController.swift */ = {isa = PBXFileReference; lastKnownFileType = sourcecode.swift; path = MovieCatalogViewController.swift; sourceTree = "<group>"; };
		BB699742233B040300EBA6B3 /* Flow.framework */ = {isa = PBXFileReference; explicitFileType = wrapper.framework; path = Flow.framework; sourceTree = BUILT_PRODUCTS_DIR; };
		BB699744233B040300EBA6B3 /* Ness.framework */ = {isa = PBXFileReference; explicitFileType = wrapper.framework; path = Ness.framework; sourceTree = BUILT_PRODUCTS_DIR; };
		BBC609E7232F8493002F5095 /* MovieCatalogTests-Bridging-Header.h */ = {isa = PBXFileReference; lastKnownFileType = sourcecode.c.h; path = "MovieCatalogTests-Bridging-Header.h"; sourceTree = "<group>"; };
		BBC609F2232F99A3002F5095 /* OHHTTPStubs.framework */ = {isa = PBXFileReference; lastKnownFileType = wrapper.framework; name = OHHTTPStubs.framework; path = Carthage/Build/iOS/OHHTTPStubs.framework; sourceTree = "<group>"; };
		BBC609F3232F99A3002F5095 /* Quick.framework */ = {isa = PBXFileReference; lastKnownFileType = wrapper.framework; name = Quick.framework; path = Carthage/Build/iOS/Quick.framework; sourceTree = "<group>"; };
		BBC609F4232F99A3002F5095 /* Nimble.framework */ = {isa = PBXFileReference; lastKnownFileType = wrapper.framework; name = Nimble.framework; path = Carthage/Build/iOS/Nimble.framework; sourceTree = "<group>"; };
		BBC60A00232F9B83002F5095 /* FetchMoviesDelegateTest.swift */ = {isa = PBXFileReference; lastKnownFileType = sourcecode.swift; path = FetchMoviesDelegateTest.swift; sourceTree = "<group>"; };
		BBC60A07232FA3A9002F5095 /* MovieCatalogView.xib */ = {isa = PBXFileReference; lastKnownFileType = file.xib; path = MovieCatalogView.xib; sourceTree = "<group>"; };
		BBC60A09232FA430002F5095 /* MovieCatalogView.swift */ = {isa = PBXFileReference; lastKnownFileType = sourcecode.swift; path = MovieCatalogView.swift; sourceTree = "<group>"; };
		BBD508BC233716BE009CA4EE /* MovieCatalogSymbols.swift */ = {isa = PBXFileReference; lastKnownFileType = sourcecode.swift; path = MovieCatalogSymbols.swift; sourceTree = "<group>"; };
		BBD508C3233738AA009CA4EE /* MovieCatalogCollectionViewDelegate.swift */ = {isa = PBXFileReference; lastKnownFileType = sourcecode.swift; path = MovieCatalogCollectionViewDelegate.swift; sourceTree = "<group>"; };
		BBEBC54B2340F6380020CC25 /* MovieCatalogViewController+ApiHandlers.swift */ = {isa = PBXFileReference; lastKnownFileType = sourcecode.swift; path = "MovieCatalogViewController+ApiHandlers.swift"; sourceTree = "<group>"; };
/* End PBXFileReference section */

/* Begin PBXFrameworksBuildPhase section */
		BB6191B523240D81007E4C48 /* Frameworks */ = {
			isa = PBXFrameworksBuildPhase;
			buildActionMask = 2147483647;
			files = (
				BB699745233B040300EBA6B3 /* Ness.framework in Frameworks */,
				BB699743233B040300EBA6B3 /* Flow.framework in Frameworks */,
				BB6191E123240FC1007E4C48 /* Common.framework in Frameworks */,
			);
			runOnlyForDeploymentPostprocessing = 0;
		};
		BB6191BE23240D81007E4C48 /* Frameworks */ = {
			isa = PBXFrameworksBuildPhase;
			buildActionMask = 2147483647;
			files = (
				BB6191C223240D81007E4C48 /* MovieCatalog.framework in Frameworks */,
				BBC609F5232F99A3002F5095 /* OHHTTPStubs.framework in Frameworks */,
				BBC609F6232F99A3002F5095 /* Quick.framework in Frameworks */,
				BBC609F7232F99A3002F5095 /* Nimble.framework in Frameworks */,
			);
			runOnlyForDeploymentPostprocessing = 0;
		};
/* End PBXFrameworksBuildPhase section */

/* Begin PBXGroup section */
		BB19D9B223304610004DECD6 /* Cells */ = {
			isa = PBXGroup;
			children = (
				BB19D9B323304634004DECD6 /* MovieCollectionViewCell.swift */,
				BB19D9B423304634004DECD6 /* MovieCollectionViewCell.xib */,
			);
			path = Cells;
			sourceTree = "<group>";
		};
		BB6191AE23240D81007E4C48 = {
			isa = PBXGroup;
			children = (
				BB6191BA23240D81007E4C48 /* MovieCatalog */,
				BB6191C523240D81007E4C48 /* MovieCatalogTests */,
				BB6191B923240D81007E4C48 /* Products */,
				BB6191DF23240FC1007E4C48 /* Frameworks */,
			);
			sourceTree = "<group>";
		};
		BB6191B923240D81007E4C48 /* Products */ = {
			isa = PBXGroup;
			children = (
				BB6191B823240D81007E4C48 /* MovieCatalog.framework */,
				BB6191C123240D81007E4C48 /* MovieCatalogTests.xctest */,
			);
			name = Products;
			sourceTree = "<group>";
		};
		BB6191BA23240D81007E4C48 /* MovieCatalog */ = {
			isa = PBXGroup;
			children = (
				BBD508BC233716BE009CA4EE /* MovieCatalogSymbols.swift */,
				BB19D9B223304610004DECD6 /* Cells */,
				BB6191F52324235E007E4C48 /* Controllers */,
				BB6191E323241194007E4C48 /* Coordinators */,
				BBD508C22337388B009CA4EE /* Delegates */,
				BB6191E22324118C007E4C48 /* Module */,
				BB6191F123242285007E4C48 /* Resources */,
				BBC60A02232FA087002F5095 /* Views */,
				BB6191BB23240D81007E4C48 /* MovieCatalog.h */,
				BB6191BC23240D81007E4C48 /* Info.plist */,
			);
			path = MovieCatalog;
			sourceTree = "<group>";
		};
		BB6191C523240D81007E4C48 /* MovieCatalogTests */ = {
			isa = PBXGroup;
			children = (
				BBC609FF232F9B5A002F5095 /* HelperClasses */,
				BBC609EA232F84CA002F5095 /* TestResources */,
				BBC609E6232F8449002F5095 /* Models */,
				BB6191C823240D81007E4C48 /* Info.plist */,
			);
			path = MovieCatalogTests;
			sourceTree = "<group>";
		};
		BB6191DF23240FC1007E4C48 /* Frameworks */ = {
			isa = PBXGroup;
			children = (
				BB699742233B040300EBA6B3 /* Flow.framework */,
				BB699744233B040300EBA6B3 /* Ness.framework */,
				BB51F50C233978E80054EB57 /* SVProgressHUD.framework */,
				BB51F514233979330054EB57 /* SVProgressHUD.framework */,
				BBC609F4232F99A3002F5095 /* Nimble.framework */,
				BBC609F2232F99A3002F5095 /* OHHTTPStubs.framework */,
				BBC609F3232F99A3002F5095 /* Quick.framework */,
				BB6191E023240FC1007E4C48 /* Common.framework */,
			);
			name = Frameworks;
			sourceTree = "<group>";
		};
		BB6191E22324118C007E4C48 /* Module */ = {
			isa = PBXGroup;
			children = (
				BB6191E4232411BB007E4C48 /* MovieCatalogModule.swift */,
			);
			path = Module;
			sourceTree = "<group>";
		};
		BB6191E323241194007E4C48 /* Coordinators */ = {
			isa = PBXGroup;
			children = (
				BB6191EA232412C1007E4C48 /* MovieCatalogCoordinator.swift */,
				BB58BFE0232EBB3600A13142 /* MovieCatalogCoordinator.strings */,
			);
			path = Coordinators;
			sourceTree = "<group>";
		};
		BB6191F123242285007E4C48 /* Resources */ = {
			isa = PBXGroup;
			children = (
				BB6191F323242344007E4C48 /* MovieCatalog.storyboard */,
			);
			path = Resources;
			sourceTree = "<group>";
		};
		BB6191F52324235E007E4C48 /* Controllers */ = {
			isa = PBXGroup;
			children = (
				BB6191F623242389007E4C48 /* MovieCatalogViewController.swift */,
				BBEBC54B2340F6380020CC25 /* MovieCatalogViewController+ApiHandlers.swift */,
				BB51F504233975EE0054EB57 /* MovieCatalogViewController.strings */,
				BB290BA1233183CD00A5FF61 /* MovieDetailsViewController.swift */,
				BB51F507233975F30054EB57 /* MovieDetailsViewController.strings */,
			);
			path = Controllers;
			sourceTree = "<group>";
		};
		BBC609E6232F8449002F5095 /* Models */ = {
			isa = PBXGroup;
			children = (
				BBC609E7232F8493002F5095 /* MovieCatalogTests-Bridging-Header.h */,
			);
			path = Models;
			sourceTree = "<group>";
		};
		BBC609EA232F84CA002F5095 /* TestResources */ = {
			isa = PBXGroup;
			children = (
			);
			path = TestResources;
			sourceTree = "<group>";
		};
		BBC609FF232F9B5A002F5095 /* HelperClasses */ = {
			isa = PBXGroup;
			children = (
				BBC60A00232F9B83002F5095 /* FetchMoviesDelegateTest.swift */,
			);
			path = HelperClasses;
			sourceTree = "<group>";
		};
		BBC60A02232FA087002F5095 /* Views */ = {
			isa = PBXGroup;
			children = (
				BBC60A07232FA3A9002F5095 /* MovieCatalogView.xib */,
				BBC60A09232FA430002F5095 /* MovieCatalogView.swift */,
				BB290BA32331840B00A5FF61 /* MovieDetailsView.xib */,
				BB290BA52331841E00A5FF61 /* MovieDetailsView.swift */,
			);
			path = Views;
			sourceTree = "<group>";
		};
		BBD508C22337388B009CA4EE /* Delegates */ = {
			isa = PBXGroup;
			children = (
				BBD508C3233738AA009CA4EE /* MovieCatalogCollectionViewDelegate.swift */,
			);
			path = Delegates;
			sourceTree = "<group>";
		};
/* End PBXGroup section */

/* Begin PBXHeadersBuildPhase section */
		BB6191B323240D81007E4C48 /* Headers */ = {
			isa = PBXHeadersBuildPhase;
			buildActionMask = 2147483647;
			files = (
				BB6191C923240D81007E4C48 /* MovieCatalog.h in Headers */,
			);
			runOnlyForDeploymentPostprocessing = 0;
		};
/* End PBXHeadersBuildPhase section */

/* Begin PBXNativeTarget section */
		BB6191B723240D81007E4C48 /* MovieCatalog */ = {
			isa = PBXNativeTarget;
			buildConfigurationList = BB6191CC23240D81007E4C48 /* Build configuration list for PBXNativeTarget "MovieCatalog" */;
			buildPhases = (
				BB6191B323240D81007E4C48 /* Headers */,
				BB6191B423240D81007E4C48 /* Sources */,
				BB6191B523240D81007E4C48 /* Frameworks */,
				BB6191B623240D81007E4C48 /* Resources */,
				BB6191D223240E40007E4C48 /* ShellScript */,
			);
			buildRules = (
			);
			dependencies = (
			);
			name = MovieCatalog;
			productName = MovieCatalog;
			productReference = BB6191B823240D81007E4C48 /* MovieCatalog.framework */;
			productType = "com.apple.product-type.framework";
		};
		BB6191C023240D81007E4C48 /* MovieCatalogTests */ = {
			isa = PBXNativeTarget;
			buildConfigurationList = BB6191CF23240D81007E4C48 /* Build configuration list for PBXNativeTarget "MovieCatalogTests" */;
			buildPhases = (
				BB6191BD23240D81007E4C48 /* Sources */,
				BB6191BE23240D81007E4C48 /* Frameworks */,
				BB6191BF23240D81007E4C48 /* Resources */,
				BBC609F8232F99BC002F5095 /* CopyFiles */,
			);
			buildRules = (
			);
			dependencies = (
				BB6191C423240D81007E4C48 /* PBXTargetDependency */,
			);
			name = MovieCatalogTests;
			productName = MovieCatalogTests;
			productReference = BB6191C123240D81007E4C48 /* MovieCatalogTests.xctest */;
			productType = "com.apple.product-type.bundle.unit-test";
		};
/* End PBXNativeTarget section */

/* Begin PBXProject section */
		BB6191AF23240D81007E4C48 /* Project object */ = {
			isa = PBXProject;
			attributes = {
				LastSwiftUpdateCheck = 1030;
				LastUpgradeCheck = 1100;
				ORGANIZATIONNAME = "José Inácio Athayde Ferrarini";
				TargetAttributes = {
					BB6191B723240D81007E4C48 = {
						CreatedOnToolsVersion = 10.3;
						LastSwiftMigration = 1030;
					};
					BB6191C023240D81007E4C48 = {
						CreatedOnToolsVersion = 10.3;
						LastSwiftMigration = 1030;
					};
				};
			};
			buildConfigurationList = BB6191B223240D81007E4C48 /* Build configuration list for PBXProject "MovieCatalog" */;
			compatibilityVersion = "Xcode 9.3";
			developmentRegion = en;
			hasScannedForEncodings = 0;
			knownRegions = (
				en,
				"en-US",
				"pt-BR",
				Base,
			);
			mainGroup = BB6191AE23240D81007E4C48;
			productRefGroup = BB6191B923240D81007E4C48 /* Products */;
			projectDirPath = "";
			projectRoot = "";
			targets = (
				BB6191B723240D81007E4C48 /* MovieCatalog */,
				BB6191C023240D81007E4C48 /* MovieCatalogTests */,
			);
		};
/* End PBXProject section */

/* Begin PBXResourcesBuildPhase section */
		BB6191B623240D81007E4C48 /* Resources */ = {
			isa = PBXResourcesBuildPhase;
			buildActionMask = 2147483647;
			files = (
				BB51F501233975CD0054EB57 /* MovieCatalogCoordinator.strings in Resources */,
				BB51F505233975F30054EB57 /* MovieDetailsViewController.strings in Resources */,
				BB51F502233975EE0054EB57 /* MovieCatalogViewController.strings in Resources */,
				BB6191F423242344007E4C48 /* MovieCatalog.storyboard in Resources */,
				BBC60A08232FA3A9002F5095 /* MovieCatalogView.xib in Resources */,
				BB290BA42331840B00A5FF61 /* MovieDetailsView.xib in Resources */,
				BB19D9B623304634004DECD6 /* MovieCollectionViewCell.xib in Resources */,
			);
			runOnlyForDeploymentPostprocessing = 0;
		};
		BB6191BF23240D81007E4C48 /* Resources */ = {
			isa = PBXResourcesBuildPhase;
			buildActionMask = 2147483647;
			files = (
			);
			runOnlyForDeploymentPostprocessing = 0;
		};
/* End PBXResourcesBuildPhase section */

/* Begin PBXShellScriptBuildPhase section */
		BB6191D223240E40007E4C48 /* ShellScript */ = {
			isa = PBXShellScriptBuildPhase;
			buildActionMask = 2147483647;
			files = (
			);
			inputFileListPaths = (
			);
			inputPaths = (
			);
			outputFileListPaths = (
			);
			outputPaths = (
			);
			runOnlyForDeploymentPostprocessing = 0;
			shellPath = /bin/sh;
			shellScript = "# Type a script or drag a script file from your workspace to insert its path.\nif which swiftlint >/dev/null; then\nswiftlint\nelse\necho \"warning: SwiftLint not installed, download from https://github.com/realm/SwiftLint\"\nfi\n";
		};
/* End PBXShellScriptBuildPhase section */

/* Begin PBXSourcesBuildPhase section */
		BB6191B423240D81007E4C48 /* Sources */ = {
			isa = PBXSourcesBuildPhase;
			buildActionMask = 2147483647;
			files = (
				BBD508C4233738AB009CA4EE /* MovieCatalogCollectionViewDelegate.swift in Sources */,
				BBEBC54C2340F6380020CC25 /* MovieCatalogViewController+ApiHandlers.swift in Sources */,
				BBD508BD233716BE009CA4EE /* MovieCatalogSymbols.swift in Sources */,
				BB6191E5232411BB007E4C48 /* MovieCatalogModule.swift in Sources */,
				BB6191EB232412C1007E4C48 /* MovieCatalogCoordinator.swift in Sources */,
				BB290BA2233183CD00A5FF61 /* MovieDetailsViewController.swift in Sources */,
				BB290BA62331841E00A5FF61 /* MovieDetailsView.swift in Sources */,
				BBC60A0A232FA430002F5095 /* MovieCatalogView.swift in Sources */,
				BB6191F723242389007E4C48 /* MovieCatalogViewController.swift in Sources */,
				BB19D9B523304634004DECD6 /* MovieCollectionViewCell.swift in Sources */,
			);
			runOnlyForDeploymentPostprocessing = 0;
		};
		BB6191BD23240D81007E4C48 /* Sources */ = {
			isa = PBXSourcesBuildPhase;
			buildActionMask = 2147483647;
			files = (
				BBC60A01232F9B83002F5095 /* FetchMoviesDelegateTest.swift in Sources */,
			);
			runOnlyForDeploymentPostprocessing = 0;
		};
/* End PBXSourcesBuildPhase section */

/* Begin PBXTargetDependency section */
		BB6191C423240D81007E4C48 /* PBXTargetDependency */ = {
			isa = PBXTargetDependency;
			target = BB6191B723240D81007E4C48 /* MovieCatalog */;
			targetProxy = BB6191C323240D81007E4C48 /* PBXContainerItemProxy */;
		};
/* End PBXTargetDependency section */

/* Begin PBXVariantGroup section */
		BB51F504233975EE0054EB57 /* MovieCatalogViewController.strings */ = {
			isa = PBXVariantGroup;
			children = (
				BB51F508233975F90054EB57 /* en-US */,
				BB51F509233975FA0054EB57 /* pt-BR */,
			);
			name = MovieCatalogViewController.strings;
			sourceTree = "<group>";
		};
		BB51F507233975F30054EB57 /* MovieDetailsViewController.strings */ = {
			isa = PBXVariantGroup;
			children = (
				BB51F50A233976000054EB57 /* en-US */,
				BB51F50B233976010054EB57 /* pt-BR */,
			);
			name = MovieDetailsViewController.strings;
			sourceTree = "<group>";
		};
		BB58BFE0232EBB3600A13142 /* MovieCatalogCoordinator.strings */ = {
			isa = PBXVariantGroup;
			children = (
				BB58BFE3232EBB3A00A13142 /* en-US */,
				BB58BFE4232EBB3B00A13142 /* pt-BR */,
			);
			name = MovieCatalogCoordinator.strings;
			sourceTree = "<group>";
		};
/* End PBXVariantGroup section */

/* Begin XCBuildConfiguration section */
		BB6191CA23240D81007E4C48 /* Debug */ = {
			isa = XCBuildConfiguration;
			buildSettings = {
				ALWAYS_SEARCH_USER_PATHS = NO;
				CLANG_ANALYZER_LOCALIZABILITY_NONLOCALIZED = YES;
				CLANG_ANALYZER_NONNULL = YES;
				CLANG_ANALYZER_NUMBER_OBJECT_CONVERSION = YES_AGGRESSIVE;
				CLANG_CXX_LANGUAGE_STANDARD = "gnu++14";
				CLANG_CXX_LIBRARY = "libc++";
				CLANG_ENABLE_MODULES = YES;
				CLANG_ENABLE_OBJC_ARC = YES;
				CLANG_ENABLE_OBJC_WEAK = YES;
				CLANG_WARN_BLOCK_CAPTURE_AUTORELEASING = YES;
				CLANG_WARN_BOOL_CONVERSION = YES;
				CLANG_WARN_COMMA = YES;
				CLANG_WARN_CONSTANT_CONVERSION = YES;
				CLANG_WARN_DEPRECATED_OBJC_IMPLEMENTATIONS = YES;
				CLANG_WARN_DIRECT_OBJC_ISA_USAGE = YES_ERROR;
				CLANG_WARN_DOCUMENTATION_COMMENTS = YES;
				CLANG_WARN_EMPTY_BODY = YES;
				CLANG_WARN_ENUM_CONVERSION = YES;
				CLANG_WARN_INFINITE_RECURSION = YES;
				CLANG_WARN_INT_CONVERSION = YES;
				CLANG_WARN_NON_LITERAL_NULL_CONVERSION = YES;
				CLANG_WARN_OBJC_IMPLICIT_RETAIN_SELF = YES;
				CLANG_WARN_OBJC_LITERAL_CONVERSION = YES;
				CLANG_WARN_OBJC_ROOT_CLASS = YES_ERROR;
				CLANG_WARN_RANGE_LOOP_ANALYSIS = YES;
				CLANG_WARN_STRICT_PROTOTYPES = YES;
				CLANG_WARN_SUSPICIOUS_MOVE = YES;
				CLANG_WARN_UNGUARDED_AVAILABILITY = YES_AGGRESSIVE;
				CLANG_WARN_UNREACHABLE_CODE = YES;
				CLANG_WARN__DUPLICATE_METHOD_MATCH = YES;
				CODE_SIGN_IDENTITY = "iPhone Developer";
				COPY_PHASE_STRIP = NO;
				CURRENT_PROJECT_VERSION = 1;
				DEBUG_INFORMATION_FORMAT = dwarf;
				ENABLE_STRICT_OBJC_MSGSEND = YES;
				ENABLE_TESTABILITY = YES;
				GCC_C_LANGUAGE_STANDARD = gnu11;
				GCC_DYNAMIC_NO_PIC = NO;
				GCC_NO_COMMON_BLOCKS = YES;
				GCC_OPTIMIZATION_LEVEL = 0;
				GCC_PREPROCESSOR_DEFINITIONS = (
					"DEBUG=1",
					"$(inherited)",
				);
				GCC_WARN_64_TO_32_BIT_CONVERSION = YES;
				GCC_WARN_ABOUT_RETURN_TYPE = YES_ERROR;
				GCC_WARN_UNDECLARED_SELECTOR = YES;
				GCC_WARN_UNINITIALIZED_AUTOS = YES_AGGRESSIVE;
				GCC_WARN_UNUSED_FUNCTION = YES;
				GCC_WARN_UNUSED_VARIABLE = YES;
				IPHONEOS_DEPLOYMENT_TARGET = 12.0;
				MTL_ENABLE_DEBUG_INFO = INCLUDE_SOURCE;
				MTL_FAST_MATH = YES;
				ONLY_ACTIVE_ARCH = YES;
				SDKROOT = iphoneos;
				SWIFT_ACTIVE_COMPILATION_CONDITIONS = DEBUG;
				SWIFT_OPTIMIZATION_LEVEL = "-Onone";
				SWIFT_VERSION = 4.2;
				VERSIONING_SYSTEM = "apple-generic";
				VERSION_INFO_PREFIX = "";
			};
			name = Debug;
		};
		BB6191CB23240D81007E4C48 /* Release */ = {
			isa = XCBuildConfiguration;
			buildSettings = {
				ALWAYS_SEARCH_USER_PATHS = NO;
				CLANG_ANALYZER_LOCALIZABILITY_NONLOCALIZED = YES;
				CLANG_ANALYZER_NONNULL = YES;
				CLANG_ANALYZER_NUMBER_OBJECT_CONVERSION = YES_AGGRESSIVE;
				CLANG_CXX_LANGUAGE_STANDARD = "gnu++14";
				CLANG_CXX_LIBRARY = "libc++";
				CLANG_ENABLE_MODULES = YES;
				CLANG_ENABLE_OBJC_ARC = YES;
				CLANG_ENABLE_OBJC_WEAK = YES;
				CLANG_WARN_BLOCK_CAPTURE_AUTORELEASING = YES;
				CLANG_WARN_BOOL_CONVERSION = YES;
				CLANG_WARN_COMMA = YES;
				CLANG_WARN_CONSTANT_CONVERSION = YES;
				CLANG_WARN_DEPRECATED_OBJC_IMPLEMENTATIONS = YES;
				CLANG_WARN_DIRECT_OBJC_ISA_USAGE = YES_ERROR;
				CLANG_WARN_DOCUMENTATION_COMMENTS = YES;
				CLANG_WARN_EMPTY_BODY = YES;
				CLANG_WARN_ENUM_CONVERSION = YES;
				CLANG_WARN_INFINITE_RECURSION = YES;
				CLANG_WARN_INT_CONVERSION = YES;
				CLANG_WARN_NON_LITERAL_NULL_CONVERSION = YES;
				CLANG_WARN_OBJC_IMPLICIT_RETAIN_SELF = YES;
				CLANG_WARN_OBJC_LITERAL_CONVERSION = YES;
				CLANG_WARN_OBJC_ROOT_CLASS = YES_ERROR;
				CLANG_WARN_RANGE_LOOP_ANALYSIS = YES;
				CLANG_WARN_STRICT_PROTOTYPES = YES;
				CLANG_WARN_SUSPICIOUS_MOVE = YES;
				CLANG_WARN_UNGUARDED_AVAILABILITY = YES_AGGRESSIVE;
				CLANG_WARN_UNREACHABLE_CODE = YES;
				CLANG_WARN__DUPLICATE_METHOD_MATCH = YES;
				CODE_SIGN_IDENTITY = "iPhone Developer";
				COPY_PHASE_STRIP = NO;
				CURRENT_PROJECT_VERSION = 1;
				DEBUG_INFORMATION_FORMAT = "dwarf-with-dsym";
				ENABLE_NS_ASSERTIONS = NO;
				ENABLE_STRICT_OBJC_MSGSEND = YES;
				GCC_C_LANGUAGE_STANDARD = gnu11;
				GCC_NO_COMMON_BLOCKS = YES;
				GCC_WARN_64_TO_32_BIT_CONVERSION = YES;
				GCC_WARN_ABOUT_RETURN_TYPE = YES_ERROR;
				GCC_WARN_UNDECLARED_SELECTOR = YES;
				GCC_WARN_UNINITIALIZED_AUTOS = YES_AGGRESSIVE;
				GCC_WARN_UNUSED_FUNCTION = YES;
				GCC_WARN_UNUSED_VARIABLE = YES;
				IPHONEOS_DEPLOYMENT_TARGET = 12.0;
				MTL_ENABLE_DEBUG_INFO = NO;
				MTL_FAST_MATH = YES;
				SDKROOT = iphoneos;
				SWIFT_COMPILATION_MODE = wholemodule;
				SWIFT_OPTIMIZATION_LEVEL = "-O";
				SWIFT_VERSION = 4.2;
				VALIDATE_PRODUCT = YES;
				VERSIONING_SYSTEM = "apple-generic";
				VERSION_INFO_PREFIX = "";
			};
			name = Release;
		};
		BB6191CD23240D81007E4C48 /* Debug */ = {
			isa = XCBuildConfiguration;
			buildSettings = {
				CLANG_ENABLE_MODULES = YES;
				CODE_SIGN_IDENTITY = "";
				CODE_SIGN_STYLE = Automatic;
				DEFINES_MODULE = YES;
				DEVELOPMENT_TEAM = TS43775FV9;
				DYLIB_COMPATIBILITY_VERSION = 1;
				DYLIB_CURRENT_VERSION = 1;
				DYLIB_INSTALL_NAME_BASE = "@rpath";
				FRAMEWORK_SEARCH_PATHS = (
					"$(inherited)",
					"$(PROJECT_DIR)/Carthage/Build/iOS",
				);
				INFOPLIST_FILE = MovieCatalog/Info.plist;
				INSTALL_PATH = "$(LOCAL_LIBRARY_DIR)/Frameworks";
				LD_RUNPATH_SEARCH_PATHS = (
					"$(inherited)",
					"@executable_path/Frameworks",
					"@loader_path/Frameworks",
				);
				PRODUCT_BUNDLE_IDENTIFIER = com.inacio.concrete.MovieCatalog;
				PRODUCT_NAME = "$(TARGET_NAME:c99extidentifier)";
				SKIP_INSTALL = YES;
				SWIFT_OPTIMIZATION_LEVEL = "-Onone";
				SWIFT_VERSION = 4.2;
				TARGETED_DEVICE_FAMILY = "1,2";
			};
			name = Debug;
		};
		BB6191CE23240D81007E4C48 /* Release */ = {
			isa = XCBuildConfiguration;
			buildSettings = {
				CLANG_ENABLE_MODULES = YES;
				CODE_SIGN_IDENTITY = "";
				CODE_SIGN_STYLE = Automatic;
				DEFINES_MODULE = YES;
				DEVELOPMENT_TEAM = TS43775FV9;
				DYLIB_COMPATIBILITY_VERSION = 1;
				DYLIB_CURRENT_VERSION = 1;
				DYLIB_INSTALL_NAME_BASE = "@rpath";
				FRAMEWORK_SEARCH_PATHS = (
					"$(inherited)",
					"$(PROJECT_DIR)/Carthage/Build/iOS",
				);
				INFOPLIST_FILE = MovieCatalog/Info.plist;
				INSTALL_PATH = "$(LOCAL_LIBRARY_DIR)/Frameworks";
				LD_RUNPATH_SEARCH_PATHS = (
					"$(inherited)",
					"@executable_path/Frameworks",
					"@loader_path/Frameworks",
				);
				PRODUCT_BUNDLE_IDENTIFIER = com.inacio.concrete.MovieCatalog;
				PRODUCT_NAME = "$(TARGET_NAME:c99extidentifier)";
				SKIP_INSTALL = YES;
				SWIFT_VERSION = 4.2;
				TARGETED_DEVICE_FAMILY = "1,2";
			};
			name = Release;
		};
		BB6191D023240D81007E4C48 /* Debug */ = {
			isa = XCBuildConfiguration;
			buildSettings = {
				ALWAYS_EMBED_SWIFT_STANDARD_LIBRARIES = YES;
				CLANG_ENABLE_MODULES = YES;
				CODE_SIGN_STYLE = Automatic;
				DEVELOPMENT_TEAM = TS43775FV9;
				FRAMEWORK_SEARCH_PATHS = (
					"$(inherited)",
					"$(PROJECT_DIR)/Carthage/Build/iOS",
				);
				INFOPLIST_FILE = MovieCatalogTests/Info.plist;
				LD_RUNPATH_SEARCH_PATHS = (
					"$(inherited)",
					"@executable_path/Frameworks",
					"@loader_path/Frameworks",
				);
				PRODUCT_BUNDLE_IDENTIFIER = com.inacio.concrete.MovieCatalogTests;
				PRODUCT_NAME = "$(TARGET_NAME)";
				SWIFT_OBJC_BRIDGING_HEADER = "MovieCatalogTests/Models/MovieCatalogTests-Bridging-Header.h";
				SWIFT_OPTIMIZATION_LEVEL = "-Onone";
				SWIFT_VERSION = 4.2;
				TARGETED_DEVICE_FAMILY = "1,2";
			};
			name = Debug;
		};
		BB6191D123240D81007E4C48 /* Release */ = {
			isa = XCBuildConfiguration;
			buildSettings = {
				ALWAYS_EMBED_SWIFT_STANDARD_LIBRARIES = YES;
				CLANG_ENABLE_MODULES = YES;
				CODE_SIGN_STYLE = Automatic;
				DEVELOPMENT_TEAM = TS43775FV9;
				FRAMEWORK_SEARCH_PATHS = (
					"$(inherited)",
					"$(PROJECT_DIR)/Carthage/Build/iOS",
				);
				INFOPLIST_FILE = MovieCatalogTests/Info.plist;
				LD_RUNPATH_SEARCH_PATHS = (
					"$(inherited)",
					"@executable_path/Frameworks",
					"@loader_path/Frameworks",
				);
				PRODUCT_BUNDLE_IDENTIFIER = com.inacio.concrete.MovieCatalogTests;
				PRODUCT_NAME = "$(TARGET_NAME)";
				SWIFT_OBJC_BRIDGING_HEADER = "MovieCatalogTests/Models/MovieCatalogTests-Bridging-Header.h";
				SWIFT_VERSION = 4.2;
				TARGETED_DEVICE_FAMILY = "1,2";
			};
			name = Release;
		};
/* End XCBuildConfiguration section */

/* Begin XCConfigurationList section */
		BB6191B223240D81007E4C48 /* Build configuration list for PBXProject "MovieCatalog" */ = {
			isa = XCConfigurationList;
			buildConfigurations = (
				BB6191CA23240D81007E4C48 /* Debug */,
				BB6191CB23240D81007E4C48 /* Release */,
			);
			defaultConfigurationIsVisible = 0;
			defaultConfigurationName = Release;
		};
		BB6191CC23240D81007E4C48 /* Build configuration list for PBXNativeTarget "MovieCatalog" */ = {
			isa = XCConfigurationList;
			buildConfigurations = (
				BB6191CD23240D81007E4C48 /* Debug */,
				BB6191CE23240D81007E4C48 /* Release */,
			);
			defaultConfigurationIsVisible = 0;
			defaultConfigurationName = Release;
		};
		BB6191CF23240D81007E4C48 /* Build configuration list for PBXNativeTarget "MovieCatalogTests" */ = {
			isa = XCConfigurationList;
			buildConfigurations = (
				BB6191D023240D81007E4C48 /* Debug */,
				BB6191D123240D81007E4C48 /* Release */,
			);
			defaultConfigurationIsVisible = 0;
			defaultConfigurationName = Release;
		};
/* End XCConfigurationList section */
	};
	rootObject = BB6191AF23240D81007E4C48 /* Project object */;
}
